// !$*UTF8*$!
{
	archiveVersion = 1;
	classes = {
	};
	objectVersion = 51;
	objects = {

/* Begin PBXBuildFile section */
		0FAFF47D4549252523E491F0 /* Pods_instagramClone.framework in Frameworks */ = {isa = PBXBuildFile; fileRef = AC83BD48F47F966F5F9FBC74 /* Pods_instagramClone.framework */; };
		709F6BA3262D6BE800FA035A /* AppDelegate.swift in Sources */ = {isa = PBXBuildFile; fileRef = 709F6BA2262D6BE800FA035A /* AppDelegate.swift */; };
		709F6BA5262D6BE800FA035A /* SceneDelegate.swift in Sources */ = {isa = PBXBuildFile; fileRef = 709F6BA4262D6BE800FA035A /* SceneDelegate.swift */; };
		709F6BA7262D6BE800FA035A /* ViewController.swift in Sources */ = {isa = PBXBuildFile; fileRef = 709F6BA6262D6BE800FA035A /* ViewController.swift */; };
		709F6BAA262D6BE800FA035A /* Main.storyboard in Resources */ = {isa = PBXBuildFile; fileRef = 709F6BA8262D6BE800FA035A /* Main.storyboard */; };
		709F6BAC262D6BE900FA035A /* Assets.xcassets in Resources */ = {isa = PBXBuildFile; fileRef = 709F6BAB262D6BE900FA035A /* Assets.xcassets */; };
		709F6BAF262D6BE900FA035A /* LaunchScreen.storyboard in Resources */ = {isa = PBXBuildFile; fileRef = 709F6BAD262D6BE900FA035A /* LaunchScreen.storyboard */; };
		709F6BBC262D7DED00FA035A /* signUpViewController.swift in Sources */ = {isa = PBXBuildFile; fileRef = 709F6BBB262D7DED00FA035A /* signUpViewController.swift */; };
		709F6BC1262DB22600FA035A /* HomeViewController.swift in Sources */ = {isa = PBXBuildFile; fileRef = 709F6BC0262DB22600FA035A /* HomeViewController.swift */; };
		709F6BC4262DB24C00FA035A /* searchViewController.swift in Sources */ = {isa = PBXBuildFile; fileRef = 709F6BC3262DB24C00FA035A /* searchViewController.swift */; };
		709F6BC7262DB27000FA035A /* cameraViewController.swift in Sources */ = {isa = PBXBuildFile; fileRef = 709F6BC6262DB27000FA035A /* cameraViewController.swift */; };
		709F6BCA262DB28B00FA035A /* activityViewController.swift in Sources */ = {isa = PBXBuildFile; fileRef = 709F6BC9262DB28B00FA035A /* activityViewController.swift */; };
		709F6BCD262DB2D400FA035A /* profileViewController.swift in Sources */ = {isa = PBXBuildFile; fileRef = 709F6BCC262DB2D400FA035A /* profileViewController.swift */; };
		709F6BD3262DC36F00FA035A /* GoogleService-Info.plist in Resources */ = {isa = PBXBuildFile; fileRef = 709F6BD2262DC36F00FA035A /* GoogleService-Info.plist */; };
/* End PBXBuildFile section */

/* Begin PBXFileReference section */
		17F795402B8BD3C5286AD7D4 /* Pods-instagramClone.release.xcconfig */ = {isa = PBXFileReference; includeInIndex = 1; lastKnownFileType = text.xcconfig; name = "Pods-instagramClone.release.xcconfig"; path = "Target Support Files/Pods-instagramClone/Pods-instagramClone.release.xcconfig"; sourceTree = "<group>"; };
		6FAFD14DFEC8251A55CCDBEF /* Pods-instagramClone.debug.xcconfig */ = {isa = PBXFileReference; includeInIndex = 1; lastKnownFileType = text.xcconfig; name = "Pods-instagramClone.debug.xcconfig"; path = "Target Support Files/Pods-instagramClone/Pods-instagramClone.debug.xcconfig"; sourceTree = "<group>"; };
		709F6B9F262D6BE800FA035A /* instagramClone.app */ = {isa = PBXFileReference; explicitFileType = wrapper.application; includeInIndex = 0; path = instagramClone.app; sourceTree = BUILT_PRODUCTS_DIR; };
		709F6BA2262D6BE800FA035A /* AppDelegate.swift */ = {isa = PBXFileReference; lastKnownFileType = sourcecode.swift; path = AppDelegate.swift; sourceTree = "<group>"; };
		709F6BA4262D6BE800FA035A /* SceneDelegate.swift */ = {isa = PBXFileReference; lastKnownFileType = sourcecode.swift; path = SceneDelegate.swift; sourceTree = "<group>"; };
		709F6BA6262D6BE800FA035A /* ViewController.swift */ = {isa = PBXFileReference; lastKnownFileType = sourcecode.swift; path = ViewController.swift; sourceTree = "<group>"; };
		709F6BA9262D6BE800FA035A /* Base */ = {isa = PBXFileReference; lastKnownFileType = file.storyboard; name = Base; path = Base.lproj/Main.storyboard; sourceTree = "<group>"; };
		709F6BAB262D6BE900FA035A /* Assets.xcassets */ = {isa = PBXFileReference; lastKnownFileType = folder.assetcatalog; path = Assets.xcassets; sourceTree = "<group>"; };
		709F6BAE262D6BE900FA035A /* Base */ = {isa = PBXFileReference; lastKnownFileType = file.storyboard; name = Base; path = Base.lproj/LaunchScreen.storyboard; sourceTree = "<group>"; };
		709F6BB0262D6BE900FA035A /* Info.plist */ = {isa = PBXFileReference; lastKnownFileType = text.plist.xml; path = Info.plist; sourceTree = "<group>"; };
		709F6BBB262D7DED00FA035A /* signUpViewController.swift */ = {isa = PBXFileReference; lastKnownFileType = sourcecode.swift; path = signUpViewController.swift; sourceTree = "<group>"; };
		709F6BC0262DB22600FA035A /* HomeViewController.swift */ = {isa = PBXFileReference; lastKnownFileType = sourcecode.swift; path = HomeViewController.swift; sourceTree = "<group>"; };
		709F6BC3262DB24C00FA035A /* searchViewController.swift */ = {isa = PBXFileReference; lastKnownFileType = sourcecode.swift; path = searchViewController.swift; sourceTree = "<group>"; };
		709F6BC6262DB27000FA035A /* cameraViewController.swift */ = {isa = PBXFileReference; lastKnownFileType = sourcecode.swift; path = cameraViewController.swift; sourceTree = "<group>"; };
		709F6BC9262DB28B00FA035A /* activityViewController.swift */ = {isa = PBXFileReference; lastKnownFileType = sourcecode.swift; path = activityViewController.swift; sourceTree = "<group>"; };
		709F6BCC262DB2D400FA035A /* profileViewController.swift */ = {isa = PBXFileReference; lastKnownFileType = sourcecode.swift; path = profileViewController.swift; sourceTree = "<group>"; };
		709F6BD2262DC36F00FA035A /* GoogleService-Info.plist */ = {isa = PBXFileReference; fileEncoding = 4; lastKnownFileType = text.plist.xml; name = "GoogleService-Info.plist"; path = "../../GoogleService-Info.plist"; sourceTree = "<group>"; };
		AC83BD48F47F966F5F9FBC74 /* Pods_instagramClone.framework */ = {isa = PBXFileReference; explicitFileType = wrapper.framework; includeInIndex = 0; path = Pods_instagramClone.framework; sourceTree = BUILT_PRODUCTS_DIR; };
/* End PBXFileReference section */

/* Begin PBXFrameworksBuildPhase section */
		709F6B9C262D6BE800FA035A /* Frameworks */ = {
			isa = PBXFrameworksBuildPhase;
			buildActionMask = 2147483647;
			files = (
				0FAFF47D4549252523E491F0 /* Pods_instagramClone.framework in Frameworks */,
			);
			runOnlyForDeploymentPostprocessing = 0;
		};
/* End PBXFrameworksBuildPhase section */

/* Begin PBXGroup section */
		5ADA219A96393B0EE6E6C98E /* Frameworks */ = {
			isa = PBXGroup;
			children = (
				AC83BD48F47F966F5F9FBC74 /* Pods_instagramClone.framework */,
			);
			name = Frameworks;
			sourceTree = "<group>";
		};
		709F6B96262D6BE800FA035A = {
			isa = PBXGroup;
			children = (
				709F6BA1262D6BE800FA035A /* instagramClone */,
				709F6BA0262D6BE800FA035A /* Products */,
				8F2514D9654C15CCF403A320 /* Pods */,
				5ADA219A96393B0EE6E6C98E /* Frameworks */,
			);
			sourceTree = "<group>";
		};
		709F6BA0262D6BE800FA035A /* Products */ = {
			isa = PBXGroup;
			children = (
				709F6B9F262D6BE800FA035A /* instagramClone.app */,
			);
			name = Products;
			sourceTree = "<group>";
		};
		709F6BA1262D6BE800FA035A /* instagramClone */ = {
			isa = PBXGroup;
			children = (
				709F6BBE262DB1CC00FA035A /* controllers */,
				709F6BA8262D6BE800FA035A /* Main.storyboard */,
				709F6BAB262D6BE900FA035A /* Assets.xcassets */,
				709F6BAD262D6BE900FA035A /* LaunchScreen.storyboard */,
				709F6BD2262DC36F00FA035A /* GoogleService-Info.plist */,
				709F6BA2262D6BE800FA035A /* AppDelegate.swift */,
				709F6BA4262D6BE800FA035A /* SceneDelegate.swift */,
				709F6BB0262D6BE900FA035A /* Info.plist */,
			);
			path = instagramClone;
			sourceTree = "<group>";
		};
		709F6BBE262DB1CC00FA035A /* controllers */ = {
			isa = PBXGroup;
			children = (
				709F6BBB262D7DED00FA035A /* signUpViewController.swift */,
				709F6BC0262DB22600FA035A /* HomeViewController.swift */,
				709F6BC3262DB24C00FA035A /* searchViewController.swift */,
				709F6BC6262DB27000FA035A /* cameraViewController.swift */,
				709F6BC9262DB28B00FA035A /* activityViewController.swift */,
				709F6BCC262DB2D400FA035A /* profileViewController.swift */,
				709F6BA6262D6BE800FA035A /* ViewController.swift */,
			);
			path = controllers;
			sourceTree = "<group>";
		};
		8F2514D9654C15CCF403A320 /* Pods */ = {
			isa = PBXGroup;
			children = (
				6FAFD14DFEC8251A55CCDBEF /* Pods-instagramClone.debug.xcconfig */,
				17F795402B8BD3C5286AD7D4 /* Pods-instagramClone.release.xcconfig */,
			);
			path = Pods;
			sourceTree = "<group>";
		};
/* End PBXGroup section */

/* Begin PBXNativeTarget section */
		709F6B9E262D6BE800FA035A /* instagramClone */ = {
			isa = PBXNativeTarget;
			buildConfigurationList = 709F6BB3262D6BE900FA035A /* Build configuration list for PBXNativeTarget "instagramClone" */;
			buildPhases = (
				FDC08775EBA28F6B25F98E1B /* [CP] Check Pods Manifest.lock */,
				709F6B9B262D6BE800FA035A /* Sources */,
				709F6B9C262D6BE800FA035A /* Frameworks */,
				709F6B9D262D6BE800FA035A /* Resources */,
				19BFB1D8631DC73678E2CB5A /* [CP] Embed Pods Frameworks */,
			);
			buildRules = (
			);
			dependencies = (
			);
			name = instagramClone;
			productName = instagramClone;
			productReference = 709F6B9F262D6BE800FA035A /* instagramClone.app */;
			productType = "com.apple.product-type.application";
		};
/* End PBXNativeTarget section */

/* Begin PBXProject section */
		709F6B97262D6BE800FA035A /* Project object */ = {
			isa = PBXProject;
			attributes = {
				LastSwiftUpdateCheck = 1240;
				LastUpgradeCheck = 1240;
				TargetAttributes = {
					709F6B9E262D6BE800FA035A = {
						CreatedOnToolsVersion = 12.4;
					};
				};
			};
			buildConfigurationList = 709F6B9A262D6BE800FA035A /* Build configuration list for PBXProject "instagramClone" */;
			compatibilityVersion = "Xcode 9.3";
			developmentRegion = en;
			hasScannedForEncodings = 0;
			knownRegions = (
				en,
				Base,
			);
			mainGroup = 709F6B96262D6BE800FA035A;
			productRefGroup = 709F6BA0262D6BE800FA035A /* Products */;
			projectDirPath = "";
			projectRoot = "";
			targets = (
				709F6B9E262D6BE800FA035A /* instagramClone */,
			);
		};
/* End PBXProject section */

/* Begin PBXResourcesBuildPhase section */
		709F6B9D262D6BE800FA035A /* Resources */ = {
			isa = PBXResourcesBuildPhase;
			buildActionMask = 2147483647;
			files = (
				709F6BAF262D6BE900FA035A /* LaunchScreen.storyboard in Resources */,
				709F6BD3262DC36F00FA035A /* GoogleService-Info.plist in Resources */,
				709F6BAC262D6BE900FA035A /* Assets.xcassets in Resources */,
				709F6BAA262D6BE800FA035A /* Main.storyboard in Resources */,
			);
			runOnlyForDeploymentPostprocessing = 0;
		};
/* End PBXResourcesBuildPhase section */

/* Begin PBXShellScriptBuildPhase section */
		19BFB1D8631DC73678E2CB5A /* [CP] Embed Pods Frameworks */ = {
			isa = PBXShellScriptBuildPhase;
			buildActionMask = 2147483647;
			files = (
			);
			inputFileListPaths = (
				"${PODS_ROOT}/Target Support Files/Pods-instagramClone/Pods-instagramClone-frameworks-${CONFIGURATION}-input-files.xcfilelist",
			);
			name = "[CP] Embed Pods Frameworks";
			outputFileListPaths = (
				"${PODS_ROOT}/Target Support Files/Pods-instagramClone/Pods-instagramClone-frameworks-${CONFIGURATION}-output-files.xcfilelist",
			);
			runOnlyForDeploymentPostprocessing = 0;
			shellPath = /bin/sh;
			shellScript = "\"${PODS_ROOT}/Target Support Files/Pods-instagramClone/Pods-instagramClone-frameworks.sh\"\n";
			showEnvVarsInLog = 0;
		};
		FDC08775EBA28F6B25F98E1B /* [CP] Check Pods Manifest.lock */ = {
			isa = PBXShellScriptBuildPhase;
			buildActionMask = 2147483647;
			files = (
			);
			inputFileListPaths = (
			);
			inputPaths = (
				"${PODS_PODFILE_DIR_PATH}/Podfile.lock",
				"${PODS_ROOT}/Manifest.lock",
			);
			name = "[CP] Check Pods Manifest.lock";
			outputFileListPaths = (
			);
			outputPaths = (
				"$(DERIVED_FILE_DIR)/Pods-instagramClone-checkManifestLockResult.txt",
			);
			runOnlyForDeploymentPostprocessing = 0;
			shellPath = /bin/sh;
			shellScript = "diff \"${PODS_PODFILE_DIR_PATH}/Podfile.lock\" \"${PODS_ROOT}/Manifest.lock\" > /dev/null\nif [ $? != 0 ] ; then\n    # print error to STDERR\n    echo \"error: The sandbox is not in sync with the Podfile.lock. Run 'pod install' or update your CocoaPods installation.\" >&2\n    exit 1\nfi\n# This output is used by Xcode 'outputs' to avoid re-running this script phase.\necho \"SUCCESS\" > \"${SCRIPT_OUTPUT_FILE_0}\"\n";
			showEnvVarsInLog = 0;
		};
/* End PBXShellScriptBuildPhase section */

/* Begin PBXSourcesBuildPhase section */
		709F6B9B262D6BE800FA035A /* Sources */ = {
			isa = PBXSourcesBuildPhase;
			buildActionMask = 2147483647;
			files = (
				709F6BC1262DB22600FA035A /* HomeViewController.swift in Sources */,
				709F6BA7262D6BE800FA035A /* ViewController.swift in Sources */,
				709F6BCD262DB2D400FA035A /* profileViewController.swift in Sources */,
				709F6BC4262DB24C00FA035A /* searchViewController.swift in Sources */,
				709F6BCA262DB28B00FA035A /* activityViewController.swift in Sources */,
				709F6BC7262DB27000FA035A /* cameraViewController.swift in Sources */,
				709F6BA3262D6BE800FA035A /* AppDelegate.swift in Sources */,
				709F6BBC262D7DED00FA035A /* signUpViewController.swift in Sources */,
				709F6BA5262D6BE800FA035A /* SceneDelegate.swift in Sources */,
			);
			runOnlyForDeploymentPostprocessing = 0;
		};
/* End PBXSourcesBuildPhase section */

/* Begin PBXVariantGroup section */
		709F6BA8262D6BE800FA035A /* Main.storyboard */ = {
			isa = PBXVariantGroup;
			children = (
				709F6BA9262D6BE800FA035A /* Base */,
			);
			name = Main.storyboard;
			sourceTree = "<group>";
		};
		709F6BAD262D6BE900FA035A /* LaunchScreen.storyboard */ = {
			isa = PBXVariantGroup;
			children = (
				709F6BAE262D6BE900FA035A /* Base */,
			);
			name = LaunchScreen.storyboard;
			sourceTree = "<group>";
		};
/* End PBXVariantGroup section */

/* Begin XCBuildConfiguration section */
		709F6BB1262D6BE900FA035A /* Debug */ = {
			isa = XCBuildConfiguration;
			buildSettings = {
				ALWAYS_SEARCH_USER_PATHS = NO;
				CLANG_ANALYZER_NONNULL = YES;
				CLANG_ANALYZER_NUMBER_OBJECT_CONVERSION = YES_AGGRESSIVE;
				CLANG_CXX_LANGUAGE_STANDARD = "gnu++14";
				CLANG_CXX_LIBRARY = "libc++";
				CLANG_ENABLE_MODULES = YES;
				CLANG_ENABLE_OBJC_ARC = YES;
				CLANG_ENABLE_OBJC_WEAK = YES;
				CLANG_WARN_BLOCK_CAPTURE_AUTORELEASING = YES;
				CLANG_WARN_BOOL_CONVERSION = YES;
				CLANG_WARN_COMMA = YES;
				CLANG_WARN_CONSTANT_CONVERSION = YES;
				CLANG_WARN_DEPRECATED_OBJC_IMPLEMENTATIONS = YES;
				CLANG_WARN_DIRECT_OBJC_ISA_USAGE = YES_ERROR;
				CLANG_WARN_DOCUMENTATION_COMMENTS = YES;
				CLANG_WARN_EMPTY_BODY = YES;
				CLANG_WARN_ENUM_CONVERSION = YES;
				CLANG_WARN_INFINITE_RECURSION = YES;
				CLANG_WARN_INT_CONVERSION = YES;
				CLANG_WARN_NON_LITERAL_NULL_CONVERSION = YES;
				CLANG_WARN_OBJC_IMPLICIT_RETAIN_SELF = YES;
				CLANG_WARN_OBJC_LITERAL_CONVERSION = YES;
				CLANG_WARN_OBJC_ROOT_CLASS = YES_ERROR;
				CLANG_WARN_QUOTED_INCLUDE_IN_FRAMEWORK_HEADER = YES;
				CLANG_WARN_RANGE_LOOP_ANALYSIS = YES;
				CLANG_WARN_STRICT_PROTOTYPES = YES;
				CLANG_WARN_SUSPICIOUS_MOVE = YES;
				CLANG_WARN_UNGUARDED_AVAILABILITY = YES_AGGRESSIVE;
				CLANG_WARN_UNREACHABLE_CODE = YES;
				CLANG_WARN__DUPLICATE_METHOD_MATCH = YES;
				COPY_PHASE_STRIP = NO;
				DEBUG_INFORMATION_FORMAT = dwarf;
				ENABLE_STRICT_OBJC_MSGSEND = YES;
				ENABLE_TESTABILITY = YES;
				GCC_C_LANGUAGE_STANDARD = gnu11;
				GCC_DYNAMIC_NO_PIC = NO;
				GCC_NO_COMMON_BLOCKS = YES;
				GCC_OPTIMIZATION_LEVEL = 0;
				GCC_PREPROCESSOR_DEFINITIONS = (
					"DEBUG=1",
					"$(inherited)",
				);
				GCC_WARN_64_TO_32_BIT_CONVERSION = YES;
				GCC_WARN_ABOUT_RETURN_TYPE = YES_ERROR;
				GCC_WARN_UNDECLARED_SELECTOR = YES;
				GCC_WARN_UNINITIALIZED_AUTOS = YES_AGGRESSIVE;
				GCC_WARN_UNUSED_FUNCTION = YES;
				GCC_WARN_UNUSED_VARIABLE = YES;
				IPHONEOS_DEPLOYMENT_TARGET = 14.4;
				MTL_ENABLE_DEBUG_INFO = INCLUDE_SOURCE;
				MTL_FAST_MATH = YES;
				ONLY_ACTIVE_ARCH = YES;
				SDKROOT = iphoneos;
				SWIFT_ACTIVE_COMPILATION_CONDITIONS = DEBUG;
				SWIFT_OPTIMIZATION_LEVEL = "-Onone";
			};
			name = Debug;
		};
		709F6BB2262D6BE900FA035A /* Release */ = {
			isa = XCBuildConfiguration;
			buildSettings = {
				ALWAYS_SEARCH_USER_PATHS = NO;
				CLANG_ANALYZER_NONNULL = YES;
				CLANG_ANALYZER_NUMBER_OBJECT_CONVERSION = YES_AGGRESSIVE;
				CLANG_CXX_LANGUAGE_STANDARD = "gnu++14";
				CLANG_CXX_LIBRARY = "libc++";
				CLANG_ENABLE_MODULES = YES;
				CLANG_ENABLE_OBJC_ARC = YES;
				CLANG_ENABLE_OBJC_WEAK = YES;
				CLANG_WARN_BLOCK_CAPTURE_AUTORELEASING = YES;
				CLANG_WARN_BOOL_CONVERSION = YES;
				CLANG_WARN_COMMA = YES;
				CLANG_WARN_CONSTANT_CONVERSION = YES;
				CLANG_WARN_DEPRECATED_OBJC_IMPLEMENTATIONS = YES;
				CLANG_WARN_DIRECT_OBJC_ISA_USAGE = YES_ERROR;
				CLANG_WARN_DOCUMENTATION_COMMENTS = YES;
				CLANG_WARN_EMPTY_BODY = YES;
				CLANG_WARN_ENUM_CONVERSION = YES;
				CLANG_WARN_INFINITE_RECURSION = YES;
				CLANG_WARN_INT_CONVERSION = YES;
				CLANG_WARN_NON_LITERAL_NULL_CONVERSION = YES;
				CLANG_WARN_OBJC_IMPLICIT_RETAIN_SELF = YES;
				CLANG_WARN_OBJC_LITERAL_CONVERSION = YES;
				CLANG_WARN_OBJC_ROOT_CLASS = YES_ERROR;
				CLANG_WARN_QUOTED_INCLUDE_IN_FRAMEWORK_HEADER = YES;
				CLANG_WARN_RANGE_LOOP_ANALYSIS = YES;
				CLANG_WARN_STRICT_PROTOTYPES = YES;
				CLANG_WARN_SUSPICIOUS_MOVE = YES;
				CLANG_WARN_UNGUARDED_AVAILABILITY = YES_AGGRESSIVE;
				CLANG_WARN_UNREACHABLE_CODE = YES;
				CLANG_WARN__DUPLICATE_METHOD_MATCH = YES;
				COPY_PHASE_STRIP = NO;
				DEBUG_INFORMATION_FORMAT = "dwarf-with-dsym";
				ENABLE_NS_ASSERTIONS = NO;
				ENABLE_STRICT_OBJC_MSGSEND = YES;
				GCC_C_LANGUAGE_STANDARD = gnu11;
				GCC_NO_COMMON_BLOCKS = YES;
				GCC_WARN_64_TO_32_BIT_CONVERSION = YES;
				GCC_WARN_ABOUT_RETURN_TYPE = YES_ERROR;
				GCC_WARN_UNDECLARED_SELECTOR = YES;
				GCC_WARN_UNINITIALIZED_AUTOS = YES_AGGRESSIVE;
				GCC_WARN_UNUSED_FUNCTION = YES;
				GCC_WARN_UNUSED_VARIABLE = YES;
				IPHONEOS_DEPLOYMENT_TARGET = 14.4;
				MTL_ENABLE_DEBUG_INFO = NO;
				MTL_FAST_MATH = YES;
				SDKROOT = iphoneos;
				SWIFT_COMPILATION_MODE = wholemodule;
				SWIFT_OPTIMIZATION_LEVEL = "-O";
				VALIDATE_PRODUCT = YES;
			};
			name = Release;
		};
		709F6BB4262D6BE900FA035A /* Debug */ = {
			isa = XCBuildConfiguration;
			baseConfigurationReference = 6FAFD14DFEC8251A55CCDBEF /* Pods-instagramClone.debug.xcconfig */;
			buildSettings = {
				ASSETCATALOG_COMPILER_APPICON_NAME = AppIcon;
				ASSETCATALOG_COMPILER_GLOBAL_ACCENT_COLOR_NAME = AccentColor;
				CODE_SIGN_STYLE = Automatic;
				INFOPLIST_FILE = instagramClone/Info.plist;
				IPHONEOS_DEPLOYMENT_TARGET = 13.6;
				LD_RUNPATH_SEARCH_PATHS = (
					"$(inherited)",
					"@executable_path/Frameworks",
				);
				PRODUCT_BUNDLE_IDENTIFIER = bigoh.instagramClone;
				PRODUCT_NAME = "$(TARGET_NAME)";
				SWIFT_VERSION = 5.0;
				TARGETED_DEVICE_FAMILY = "1,2";
			};
			name = Debug;
		};
		709F6BB5262D6BE900FA035A /* Release */ = {
			isa = XCBuildConfiguration;
			baseConfigurationReference = 17F795402B8BD3C5286AD7D4 /* Pods-instagramClone.release.xcconfig */;
			buildSettings = {
				ASSETCATALOG_COMPILER_APPICON_NAME = AppIcon;
				ASSETCATALOG_COMPILER_GLOBAL_ACCENT_COLOR_NAME = AccentColor;
				CODE_SIGN_STYLE = Automatic;
				INFOPLIST_FILE = instagramClone/Info.plist;
				IPHONEOS_DEPLOYMENT_TARGET = 13.6;
				LD_RUNPATH_SEARCH_PATHS = (
					"$(inherited)",
					"@executable_path/Frameworks",
				);
				PRODUCT_BUNDLE_IDENTIFIER = bigoh.instagramClone;
				PRODUCT_NAME = "$(TARGET_NAME)";
				SWIFT_VERSION = 5.0;
				TARGETED_DEVICE_FAMILY = "1,2";
			};
			name = Release;
		};
/* End XCBuildConfiguration section */

/* Begin XCConfigurationList section */
		709F6B9A262D6BE800FA035A /* Build configuration list for PBXProject "instagramClone" */ = {
			isa = XCConfigurationList;
			buildConfigurations = (
				709F6BB1262D6BE900FA035A /* Debug */,
				709F6BB2262D6BE900FA035A /* Release */,
			);
			defaultConfigurationIsVisible = 0;
			defaultConfigurationName = Release;
		};
		709F6BB3262D6BE900FA035A /* Build configuration list for PBXNativeTarget "instagramClone" */ = {
			isa = XCConfigurationList;
			buildConfigurations = (
				709F6BB4262D6BE900FA035A /* Debug */,
				709F6BB5262D6BE900FA035A /* Release */,
			);
			defaultConfigurationIsVisible = 0;
			defaultConfigurationName = Release;
		};
/* End XCConfigurationList section */
	};
	rootObject = 709F6B97262D6BE800FA035A /* Project object */;
}
